
Microsoft Visual Studio Solution File, Format Version 12.00
# Visual Studio Version 17
VisualStudioVersion = 17.0.31903.59
MinimumVisualStudioVersion = 10.0.40219.1
Project("{FAE04EC0-301F-11D3-BF4B-00C04F79EFBC}") = "Backend.API", "Backend.API\Backend.API.csproj", "{788641E0-9981-4118-8389-B54973252217}"
EndProject
Project("{FAE04EC0-301F-11D3-BF4B-00C04F79EFBC}") = "BusinessLayer", "BusinessLayer\BusinessLayer.csproj", "{4A2113AE-E47A-4791-AB07-2A4663B02B64}"
EndProject
Project("{FAE04EC0-301F-11D3-BF4B-00C04F79EFBC}") = "DatabaseLayer", "DatabaseLayer\DatabaseLayer.csproj", "{4DC494BE-8DB8-4844-B2CD-01DD47FDAF31}"
EndProject
Project("{FAE04EC0-301F-11D3-BF4B-00C04F79EFBC}") = "CommonLayer", "CommonLayer\CommonLayer.csproj", "{15B8B241-FF6A-4E5B-AB66-A28787CADA5D}"
EndProject
Project("{FAE04EC0-301F-11D3-BF4B-00C04F79EFBC}") = "Backend.API.Tests", "Backend.API.Tests\Backend.API.Tests.csproj", "{A3DD6360-4C05-4CD4-962D-AFD9479CFB5D}"
EndProject
Global
	GlobalSection(SolutionConfigurationPlatforms) = preSolution
		Debug|Any CPU = Debug|Any CPU
		Debug|x64 = Debug|x64
		Debug|x86 = Debug|x86
		Release|Any CPU = Release|Any CPU
		Release|x64 = Release|x64
		Release|x86 = Release|x86
	EndGlobalSection
	GlobalSection(ProjectConfigurationPlatforms) = postSolution
		{788641E0-9981-4118-8389-B54973252217}.Debug|Any CPU.ActiveCfg = Debug|Any CPU
		{788641E0-9981-4118-8389-B54973252217}.Debug|Any CPU.Build.0 = Debug|Any CPU
		{788641E0-9981-4118-8389-B54973252217}.Debug|x64.ActiveCfg = Debug|Any CPU
		{788641E0-9981-4118-8389-B54973252217}.Debug|x64.Build.0 = Debug|Any CPU
		{788641E0-9981-4118-8389-B54973252217}.Debug|x86.ActiveCfg = Debug|Any CPU
		{788641E0-9981-4118-8389-B54973252217}.Debug|x86.Build.0 = Debug|Any CPU
		{788641E0-9981-4118-8389-B54973252217}.Release|Any CPU.ActiveCfg = Release|Any CPU
		{788641E0-9981-4118-8389-B54973252217}.Release|Any CPU.Build.0 = Release|Any CPU
		{788641E0-9981-4118-8389-B54973252217}.Release|x64.ActiveCfg = Release|Any CPU
		{788641E0-9981-4118-8389-B54973252217}.Release|x64.Build.0 = Release|Any CPU
		{788641E0-9981-4118-8389-B54973252217}.Release|x86.ActiveCfg = Release|Any CPU
		{788641E0-9981-4118-8389-B54973252217}.Release|x86.Build.0 = Release|Any CPU
		{4A2113AE-E47A-4791-AB07-2A4663B02B64}.Debug|Any CPU.ActiveCfg = Debug|Any CPU
		{4A2113AE-E47A-4791-AB07-2A4663B02B64}.Debug|Any CPU.Build.0 = Debug|Any CPU
		{4A2113AE-E47A-4791-AB07-2A4663B02B64}.Debug|x64.ActiveCfg = Debug|Any CPU
		{4A2113AE-E47A-4791-AB07-2A4663B02B64}.Debug|x64.Build.0 = Debug|Any CPU
		{4A2113AE-E47A-4791-AB07-2A4663B02B64}.Debug|x86.ActiveCfg = Debug|Any CPU
		{4A2113AE-E47A-4791-AB07-2A4663B02B64}.Debug|x86.Build.0 = Debug|Any CPU
		{4A2113AE-E47A-4791-AB07-2A4663B02B64}.Release|Any CPU.ActiveCfg = Release|Any CPU
		{4A2113AE-E47A-4791-AB07-2A4663B02B64}.Release|Any CPU.Build.0 = Release|Any CPU
		{4A2113AE-E47A-4791-AB07-2A4663B02B64}.Release|x64.ActiveCfg = Release|Any CPU
		{4A2113AE-E47A-4791-AB07-2A4663B02B64}.Release|x64.Build.0 = Release|Any CPU
		{4A2113AE-E47A-4791-AB07-2A4663B02B64}.Release|x86.ActiveCfg = Release|Any CPU
		{4A2113AE-E47A-4791-AB07-2A4663B02B64}.Release|x86.Build.0 = Release|Any CPU
		{4DC494BE-8DB8-4844-B2CD-01DD47FDAF31}.Debug|Any CPU.ActiveCfg = Debug|Any CPU
		{4DC494BE-8DB8-4844-B2CD-01DD47FDAF31}.Debug|Any CPU.Build.0 = Debug|Any CPU
		{4DC494BE-8DB8-4844-B2CD-01DD47FDAF31}.Debug|x64.ActiveCfg = Debug|Any CPU
		{4DC494BE-8DB8-4844-B2CD-01DD47FDAF31}.Debug|x64.Build.0 = Debug|Any CPU
		{4DC494BE-8DB8-4844-B2CD-01DD47FDAF31}.Debug|x86.ActiveCfg = Debug|Any CPU
		{4DC494BE-8DB8-4844-B2CD-01DD47FDAF31}.Debug|x86.Build.0 = Debug|Any CPU
		{4DC494BE-8DB8-4844-B2CD-01DD47FDAF31}.Release|Any CPU.ActiveCfg = Release|Any CPU
		{4DC494BE-8DB8-4844-B2CD-01DD47FDAF31}.Release|Any CPU.Build.0 = Release|Any CPU
		{4DC494BE-8DB8-4844-B2CD-01DD47FDAF31}.Release|x64.ActiveCfg = Release|Any CPU
		{4DC494BE-8DB8-4844-B2CD-01DD47FDAF31}.Release|x64.Build.0 = Release|Any CPU
		{4DC494BE-8DB8-4844-B2CD-01DD47FDAF31}.Release|x86.ActiveCfg = Release|Any CPU
		{4DC494BE-8DB8-4844-B2CD-01DD47FDAF31}.Release|x86.Build.0 = Release|Any CPU
		{15B8B241-FF6A-4E5B-AB66-A28787CADA5D}.Debug|Any CPU.ActiveCfg = Debug|Any CPU
		{15B8B241-FF6A-4E5B-AB66-A28787CADA5D}.Debug|Any CPU.Build.0 = Debug|Any CPU
		{15B8B241-FF6A-4E5B-AB66-A28787CADA5D}.Debug|x64.ActiveCfg = Debug|Any CPU
		{15B8B241-FF6A-4E5B-AB66-A28787CADA5D}.Debug|x64.Build.0 = Debug|Any CPU
		{15B8B241-FF6A-4E5B-AB66-A28787CADA5D}.Debug|x86.ActiveCfg = Debug|Any CPU
		{15B8B241-FF6A-4E5B-AB66-A28787CADA5D}.Debug|x86.Build.0 = Debug|Any CPU
		{15B8B241-FF6A-4E5B-AB66-A28787CADA5D}.Release|Any CPU.ActiveCfg = Release|Any CPU
		{15B8B241-FF6A-4E5B-AB66-A28787CADA5D}.Release|Any CPU.Build.0 = Release|Any CPU
		{15B8B241-FF6A-4E5B-AB66-A28787CADA5D}.Release|x64.ActiveCfg = Release|Any CPU
		{15B8B241-FF6A-4E5B-AB66-A28787CADA5D}.Release|x64.Build.0 = Release|Any CPU
		{15B8B241-FF6A-4E5B-AB66-A28787CADA5D}.Release|x86.ActiveCfg = Release|Any CPU
		{15B8B241-FF6A-4E5B-AB66-A28787CADA5D}.Release|x86.Build.0 = Release|Any CPU
		{A3DD6360-4C05-4CD4-962D-AFD9479CFB5D}.Debug|Any CPU.ActiveCfg = Debug|Any CPU
		{A3DD6360-4C05-4CD4-962D-AFD9479CFB5D}.Debug|Any CPU.Build.0 = Debug|Any CPU
		{A3DD6360-4C05-4CD4-962D-AFD9479CFB5D}.Debug|x64.ActiveCfg = Debug|Any CPU
		{A3DD6360-4C05-4CD4-962D-AFD9479CFB5D}.Debug|x64.Build.0 = Debug|Any CPU
		{A3DD6360-4C05-4CD4-962D-AFD9479CFB5D}.Debug|x86.ActiveCfg = Debug|Any CPU
		{A3DD6360-4C05-4CD4-962D-AFD9479CFB5D}.Debug|x86.Build.0 = Debug|Any CPU
		{A3DD6360-4C05-4CD4-962D-AFD9479CFB5D}.Release|Any CPU.ActiveCfg = Release|Any CPU
		{A3DD6360-4C05-4CD4-962D-AFD9479CFB5D}.Release|Any CPU.Build.0 = Release|Any CPU
		{A3DD6360-4C05-4CD4-962D-AFD9479CFB5D}.Release|x64.ActiveCfg = Release|Any CPU
		{A3DD6360-4C05-4CD4-962D-AFD9479CFB5D}.Release|x64.Build.0 = Release|Any CPU
		{A3DD6360-4C05-4CD4-962D-AFD9479CFB5D}.Release|x86.ActiveCfg = Release|Any CPU
		{A3DD6360-4C05-4CD4-962D-AFD9479CFB5D}.Release|x86.Build.0 = Release|Any CPU
	EndGlobalSection
	GlobalSection(SolutionProperties) = preSolution
		HideSolutionNode = FALSE
	EndGlobalSection
EndGlobal
